
Microsoft Visual Studio Solution File, Format Version 12.00
# Visual Studio 15
VisualStudioVersion = 15.0.27130.2003
MinimumVisualStudioVersion = 10.0.40219.1
Project("{FAE04EC0-301F-11D3-BF4B-00C04F79EFBC}") = "Character Stats", "Character Stats\Character Stats.csproj", "{BF444CF8-F607-43B5-A918-FAC1A19AEEF2}"
EndProject
Global
	GlobalSection(SolutionConfigurationPlatforms) = preSolution
		Debug|Any CPU = Debug|Any CPU
		Release|Any CPU = Release|Any CPU
	EndGlobalSection
	GlobalSection(ProjectConfigurationPlatforms) = postSolution
		{BF444CF8-F607-43B5-A918-FAC1A19AEEF2}.Debug|Any CPU.ActiveCfg = Debug|Any CPU
		{BF444CF8-F607-43B5-A918-FAC1A19AEEF2}.Debug|Any CPU.Build.0 = Debug|Any CPU
		{BF444CF8-F607-43B5-A918-FAC1A19AEEF2}.Release|Any CPU.ActiveCfg = Release|Any CPU
		{BF444CF8-F607-43B5-A918-FAC1A19AEEF2}.Release|Any CPU.Build.0 = Release|Any CPU
	EndGlobalSection
	GlobalSection(SolutionProperties) = preSolution
		HideSolutionNode = FALSE
	EndGlobalSection
	GlobalSection(ExtensibilityGlobals) = postSolution
		SolutionGuid = {FBD271DE-4D34-43DA-891A-2A4DBF0C9DB0}
	EndGlobalSection
EndGlobal
